
Microsoft Visual Studio Solution File, Format Version 11.00
# Visual Studio 2010
Project("{FAE04EC0-301F-11D3-BF4B-00C04F79EFBC}") = "Griffin.MvcContrib", "Griffin.MvcContrib\Griffin.MvcContrib.csproj", "{0D102D58-4D79-444D-B633-F7ACD3B6D749}"
EndProject
Project("{FAE04EC0-301F-11D3-BF4B-00C04F79EFBC}") = "Griffin.MvcFramework", "Griffin.MvcFramework\Griffin.MvcFramework.csproj", "{328FA67F-1F5E-4020-BBE5-440F50E097FC}"
EndProject
Project("{FAE04EC0-301F-11D3-BF4B-00C04F79EFBC}") = "Localization", "Samples\MvcContrib\Localization\Localization.csproj", "{B5949D64-4C2B-4FEB-B8F7-59A64434B0BD}"
EndProject
Project("{2150E333-8FDC-42A3-9474-1A3956D46DE8}") = "Samples", "Samples", "{6D9911B1-ACD1-4848-95FB-D4922B38E787}"
EndProject
Project("{2150E333-8FDC-42A3-9474-1A3956D46DE8}") = "MvcContrib", "MvcContrib", "{96BC24AD-7D18-4834-B241-B1CFA8CB9FF6}"
EndProject
Global
	GlobalSection(SolutionConfigurationPlatforms) = preSolution
		Debug|Any CPU = Debug|Any CPU
		Release|Any CPU = Release|Any CPU
	EndGlobalSection
	GlobalSection(ProjectConfigurationPlatforms) = postSolution
		{0D102D58-4D79-444D-B633-F7ACD3B6D749}.Debug|Any CPU.ActiveCfg = Debug|Any CPU
		{0D102D58-4D79-444D-B633-F7ACD3B6D749}.Debug|Any CPU.Build.0 = Debug|Any CPU
		{0D102D58-4D79-444D-B633-F7ACD3B6D749}.Release|Any CPU.ActiveCfg = Release|Any CPU
		{0D102D58-4D79-444D-B633-F7ACD3B6D749}.Release|Any CPU.Build.0 = Release|Any CPU
		{328FA67F-1F5E-4020-BBE5-440F50E097FC}.Debug|Any CPU.ActiveCfg = Debug|Any CPU
		{328FA67F-1F5E-4020-BBE5-440F50E097FC}.Debug|Any CPU.Build.0 = Debug|Any CPU
		{328FA67F-1F5E-4020-BBE5-440F50E097FC}.Release|Any CPU.ActiveCfg = Release|Any CPU
		{328FA67F-1F5E-4020-BBE5-440F50E097FC}.Release|Any CPU.Build.0 = Release|Any CPU
		{B5949D64-4C2B-4FEB-B8F7-59A64434B0BD}.Debug|Any CPU.ActiveCfg = Debug|Any CPU
		{B5949D64-4C2B-4FEB-B8F7-59A64434B0BD}.Debug|Any CPU.Build.0 = Debug|Any CPU
		{B5949D64-4C2B-4FEB-B8F7-59A64434B0BD}.Release|Any CPU.ActiveCfg = Release|Any CPU
		{B5949D64-4C2B-4FEB-B8F7-59A64434B0BD}.Release|Any CPU.Build.0 = Release|Any CPU
	EndGlobalSection
	GlobalSection(SolutionProperties) = preSolution
		HideSolutionNode = FALSE
	EndGlobalSection
	GlobalSection(NestedProjects) = preSolution
		{96BC24AD-7D18-4834-B241-B1CFA8CB9FF6} = {6D9911B1-ACD1-4848-95FB-D4922B38E787}
		{B5949D64-4C2B-4FEB-B8F7-59A64434B0BD} = {96BC24AD-7D18-4834-B241-B1CFA8CB9FF6}
	EndGlobalSection
EndGlobal
